{
  "originHash" : "d526b956b2941e51520eb1a181d281939054defb03feb9302533a12952391e2e",
  "pins" : [
    {
      "identity" : "fluidaudio",
      "kind" : "remoteSourceControl",
      "location" : "https://github.com/FluidInference/FluidAudio.git",
      "state" : {
        "revision" : "a1582f0c476864b6609f75459312037390089044",
        "version" : "0.10.0"
      }
    }
  ],
  "version" : 3
}
